
Microsoft Visual Studio Solution File, Format Version 12.00
# Visual Studio 15
VisualStudioVersion = 15.0.28307.1082
MinimumVisualStudioVersion = 10.0.40219.1
Project("{FAE04EC0-301F-11D3-BF4B-00C04F79EFBC}") = "All App Function", "All App Function\All App Function.csproj", "{117B71C5-F703-4383-8118-FF3B231717E8}"
EndProject
Global
	GlobalSection(SolutionConfigurationPlatforms) = preSolution
		Debug|Any CPU = Debug|Any CPU
		Release|Any CPU = Release|Any CPU
	EndGlobalSection
	GlobalSection(ProjectConfigurationPlatforms) = postSolution
		{117B71C5-F703-4383-8118-FF3B231717E8}.Debug|Any CPU.ActiveCfg = Debug|Any CPU
		{117B71C5-F703-4383-8118-FF3B231717E8}.Debug|Any CPU.Build.0 = Debug|Any CPU
		{117B71C5-F703-4383-8118-FF3B231717E8}.Release|Any CPU.ActiveCfg = Release|Any CPU
		{117B71C5-F703-4383-8118-FF3B231717E8}.Release|Any CPU.Build.0 = Release|Any CPU
	EndGlobalSection
	GlobalSection(SolutionProperties) = preSolution
		HideSolutionNode = FALSE
	EndGlobalSection
	GlobalSection(ExtensibilityGlobals) = postSolution
		SolutionGuid = {DDF7F150-4939-4A5A-B8D1-21EAE9D463B8}
	EndGlobalSection
EndGlobal
